<?xml version="1.0" encoding="utf-8"?>
<Project ToolsVersion="4.0" xmlns="http://schemas.microsoft.com/developer/msbuild/2003">
  <ItemGroup>
    <Filter Include="Source Files">
      <UniqueIdentifier>{4FC737F1-C7A5-4376-A066-2A32D752A2FF}</UniqueIdentifier>
      <Extensions>cpp;c;cc;cxx;def;odl;idl;hpj;bat;asm;asmx</Extensions>
    </Filter>
    <Filter Include="Header Files">
      <UniqueIdentifier>{93995380-89BD-4b04-88EB-625FBE52EBFB}</UniqueIdentifier>
      <Extensions>h;hh;hpp;hxx;hm;inl;inc;xsd</Extensions>
    </Filter>
    <Filter Include="Resource Files">
      <UniqueIdentifier>{67DA6AB6-F800-4c08-8B7A-83BB121AAD01}</UniqueIdentifier>
      <Extensions>rc;ico;cur;bmp;dlg;rc2;rct;bin;rgs;gif;jpg;jpeg;jpe;resx;tiff;tif;png;wav;mfcribbon-ms</Extensions>
    </Filter>
    <Filter Include="Source Files\Packets">
      <UniqueIdentifier>{c32ad02c-1a14-406a-a263-ad83c594a000}</UniqueIdentifier>
    </Filter>
    <Filter Include="Source Files\Net">
      <UniqueIdentifier>{c2b639f2-8ab3-4c71-b1f8-6c60f7165fac}</UniqueIdentifier>
    </Filter>
    <Filter Include="Source Files\Render">
      <UniqueIdentifier>{4d86d5a8-e8be-4ebf-b0ce-f9b7d07ae6fc}</UniqueIdentifier>
    </Filter>
    <Filter Include="Source Files\World">
      <UniqueIdentifier>{95d78fed-c7d1-4b4a-a84b-328e41c3ea97}</UniqueIdentifier>
    </Filter>
    <Filter Include="Header Files\Net">
      <UniqueIdentifier>{6b10e155-2192-4321-ab96-caebd75e5c75}</UniqueIdentifier>
    </Filter>
    <Filter Include="Header Files\Packets">
      <UniqueIdentifier>{6c6785e1-3a7c-4b80-90d1-ae9688b6e4a5}</UniqueIdentifier>
    </Filter>
    <Filter Include="Header Files\Render">
      <UniqueIdentifier>{ddb4620c-6453-4ca7-bd41-5a14aa770e81}</UniqueIdentifier>
    </Filter>
    <Filter Include="Header Files\World">
      <UniqueIdentifier>{c97fd9db-267e-4044-9eaf-d250c9a7b285}</UniqueIdentifier>
    </Filter>
    <Filter Include="Header Files\zlib">
      <UniqueIdentifier>{557e0a08-eaf9-4167-a52e-cabb27a70238}</UniqueIdentifier>
    </Filter>
    <Filter Include="Header Files\png">
      <UniqueIdentifier>{c0381ca4-ebd4-4fa7-8397-4ad477b97155}</UniqueIdentifier>
    </Filter>
    <Filter Include="Source Files\png">
      <UniqueIdentifier>{a877ba2d-bac9-4237-b621-340afa7a81f3}</UniqueIdentifier>
    </Filter>
    <Filter Include="Source Files\Postproc">
      <UniqueIdentifier>{069433e5-9475-406b-b333-8a7b737e41fc}</UniqueIdentifier>
    </Filter>
    <Filter Include="Header Files\Postproc">
      <UniqueIdentifier>{6616f71b-6a57-4c94-90d6-7ec991320823}</UniqueIdentifier>
    </Filter>
  </ItemGroup>
  <ItemGroup>
    <ClInclude Include="stdafx.h">
      <Filter>Header Files</Filter>
    </ClInclude>
    <ClInclude Include="targetver.h">
      <Filter>Header Files</Filter>
    </ClInclude>
    <ClInclude Include="Section.h">
      <Filter>Header Files\World</Filter>
    </ClInclude>
    <ClInclude Include="C00PacketHandshake.h">
      <Filter>Header Files\Packets</Filter>
    </ClInclude>
    <ClInclude Include="C00PacketKeepAlive.h">
      <Filter>Header Files\Packets</Filter>
    </ClInclude>
    <ClInclude Include="C00PacketLogin.h">
      <Filter>Header Files\Packets</Filter>
    </ClInclude>
    <ClInclude Include="C01PacketChat.h">
      <Filter>Header Files\Packets</Filter>
    </ClInclude>
    <ClInclude Include="IPacket.h">
      <Filter>Header Files\Packets</Filter>
    </ClInclude>
    <ClInclude Include="McBuffer.h">
      <Filter>Header Files\Net</Filter>
    </ClInclude>
    <ClInclude Include="MinecraftSocket.h">
      <Filter>Header Files\Net</Filter>
    </ClInclude>
    <ClInclude Include="Controls.h">
      <Filter>Header Files\Render</Filter>
    </ClInclude>
    <ClInclude Include="OpenGLRenderer.h">
      <Filter>Header Files\Render</Filter>
    </ClInclude>
    <ClInclude Include="TcpClient.h">
      <Filter>Header Files\Net</Filter>
    </ClInclude>
    <ClInclude Include="zconf.h">
      <Filter>Header Files\zlib</Filter>
    </ClInclude>
    <ClInclude Include="zlib.h">
      <Filter>Header Files\zlib</Filter>
    </ClInclude>
    <ClInclude Include="ZlibUtils.h">
      <Filter>Header Files\zlib</Filter>
    </ClInclude>
    <ClInclude Include="Chunk.h">
      <Filter>Header Files\World</Filter>
    </ClInclude>
    <ClInclude Include="AsyncVboBuildingManager.h">
      <Filter>Header Files\Render</Filter>
    </ClInclude>
    <ClInclude Include="Loader.h">
      <Filter>Header Files\Render</Filter>
    </ClInclude>
    <ClInclude Include="World.h">
      <Filter>Header Files\World</Filter>
    </ClInclude>
    <ClInclude Include="ChunkExtracted.h">
      <Filter>Header Files\World</Filter>
    </ClInclude>
    <ClInclude Include="BlockRegistry.h">
      <Filter>Header Files\World</Filter>
    </ClInclude>
    <ClInclude Include="Block.h">
      <Filter>Header Files\World</Filter>
    </ClInclude>
    <ClInclude Include="lodepng.h">
      <Filter>Header Files\png</Filter>
    </ClInclude>
    <ClInclude Include="ChatParser.h">
      <Filter>Header Files</Filter>
    </ClInclude>
    <ClInclude Include="Texture.h">
      <Filter>Header Files\World</Filter>
    </ClInclude>
    <ClInclude Include="Fbo.h">
      <Filter>Header Files\Postproc</Filter>
    </ClInclude>
    <ClInclude Include="Frustum.h">
      <Filter>Header Files\Render</Filter>
    </ClInclude>
    <ClInclude Include="PostProcessing.h">
      <Filter>Header Files\Postproc</Filter>
    </ClInclude>
    <ClInclude Include="SectionBuilder.h">
      <Filter>Header Files\Render</Filter>
    </ClInclude>
    <ClInclude Include="VboBuilder.h">
      <Filter>Header Files\Render</Filter>
    </ClInclude>
    <ClInclude Include="Skybox.h">
      <Filter>Header Files\Render</Filter>
    </ClInclude>
    <ClInclude Include="Settings.h">
      <Filter>Header Files</Filter>
    </ClInclude>
    <ClInclude Include="RaycastResult.h">
      <Filter>Header Files\Render</Filter>
    </ClInclude>
    <ClInclude Include="Raycast.h">
      <Filter>Header Files\Render</Filter>
    </ClInclude>
    <ClInclude Include="BBRenderer.h">
      <Filter>Header Files\Render</Filter>
    </ClInclude>
    <ClInclude Include="AABB.h">
      <Filter>Header Files\World</Filter>
    </ClInclude>
    <ClInclude Include="ChatMessage.h">
      <Filter>Header Files</Filter>
    </ClInclude>
    <ClInclude Include="C06PlayerPosLook.h">
      <Filter>Header Files\Packets</Filter>
    </ClInclude>
    <ClInclude Include="Position.h">
      <Filter>Header Files\World</Filter>
    </ClInclude>
    <ClInclude Include="Font.h">
      <Filter>Header Files\Render</Filter>
    </ClInclude>
    <ClInclude Include="C07PlayerDigging.h">
      <Filter>Header Files\Packets</Filter>
    </ClInclude>
    <ClInclude Include="CrosshairRenderer.h">
      <Filter>Header Files\Render</Filter>
    </ClInclude>
    <ClInclude Include="C16Respawn.h">
      <Filter>Header Files</Filter>
    </ClInclude>
  </ItemGroup>
  <ItemGroup>
    <ClCompile Include="stdafx.cpp">
      <Filter>Source Files</Filter>
    </ClCompile>
    <ClCompile Include="IPacket.cpp">
      <Filter>Source Files\Packets</Filter>
    </ClCompile>
    <ClCompile Include="C00PacketHandshake.cpp">
      <Filter>Source Files\Packets</Filter>
    </ClCompile>
    <ClCompile Include="C00PacketKeepAlive.cpp">
      <Filter>Source Files\Packets</Filter>
    </ClCompile>
    <ClCompile Include="C00PacketLogin.cpp">
      <Filter>Source Files\Packets</Filter>
    </ClCompile>
    <ClCompile Include="McBuffer.cpp">
      <Filter>Source Files\Net</Filter>
    </ClCompile>
    <ClCompile Include="MinecraftSocket.cpp">
      <Filter>Source Files\Net</Filter>
    </ClCompile>
    <ClCompile Include="ZlibUtils.cpp">
      <Filter>Source Files\Net</Filter>
    </ClCompile>
    <ClCompile Include="TcpClient.cpp">
      <Filter>Source Files\Net</Filter>
    </ClCompile>
    <ClCompile Include="Craftcppdemo.cpp">
      <Filter>Source Files</Filter>
    </ClCompile>
    <ClCompile Include="C01PacketChat.cpp">
      <Filter>Source Files\Packets</Filter>
    </ClCompile>
    <ClCompile Include="libsrc\glad.c">
      <Filter>Source Files</Filter>
    </ClCompile>
    <ClCompile Include="OpenGLRenderer.cpp">
      <Filter>Source Files\Render</Filter>
    </ClCompile>
    <ClCompile Include="Controls.cpp">
      <Filter>Source Files\Render</Filter>
    </ClCompile>
    <ClCompile Include="Section.cpp">
      <Filter>Source Files\World</Filter>
    </ClCompile>
    <ClCompile Include="Chunk.cpp">
      <Filter>Source Files\World</Filter>
    </ClCompile>
    <ClCompile Include="AsyncVboBuildingManager.cpp">
      <Filter>Source Files\Render</Filter>
    </ClCompile>
    <ClCompile Include="World.cpp">
      <Filter>Source Files\World</Filter>
    </ClCompile>
    <ClCompile Include="Loader.cpp">
      <Filter>Source Files\Render</Filter>
    </ClCompile>
    <ClCompile Include="ChunkExtracted.cpp">
      <Filter>Source Files\World</Filter>
    </ClCompile>
    <ClCompile Include="BlockRegistry.cpp">
      <Filter>Source Files\World</Filter>
    </ClCompile>
    <ClCompile Include="Block.cpp">
      <Filter>Source Files\World</Filter>
    </ClCompile>
    <ClCompile Include="lodepng.cpp">
      <Filter>Source Files\png</Filter>
    </ClCompile>
    <ClCompile Include="ChatParser.cpp">
      <Filter>Source Files</Filter>
    </ClCompile>
    <ClCompile Include="Fbo.cpp">
      <Filter>Source Files\Postproc</Filter>
    </ClCompile>
    <ClCompile Include="PostProcessing.cpp">
      <Filter>Source Files\Postproc</Filter>
    </ClCompile>
    <ClCompile Include="Frustum.cpp">
      <Filter>Source Files\Render</Filter>
    </ClCompile>
    <ClCompile Include="SectionBuilder.cpp">
      <Filter>Source Files\Render</Filter>
    </ClCompile>
    <ClCompile Include="VboBuilder.cpp">
      <Filter>Source Files\Render</Filter>
    </ClCompile>
    <ClCompile Include="Skybox.cpp">
      <Filter>Source Files\Render</Filter>
    </ClCompile>
    <ClCompile Include="Raycast.cpp">
      <Filter>Source Files\Render</Filter>
    </ClCompile>
    <ClCompile Include="AABB.cpp">
      <Filter>Source Files\World</Filter>
    </ClCompile>
    <ClCompile Include="BBRenderer.cpp">
      <Filter>Source Files\Render</Filter>
    </ClCompile>
    <ClCompile Include="Font.cpp">
      <Filter>Source Files\Render</Filter>
    </ClCompile>
    <ClCompile Include="C06PlayerPosLook.cpp">
      <Filter>Source Files\Packets</Filter>
    </ClCompile>
    <ClCompile Include="C07PlayerDigging.cpp">
      <Filter>Source Files\Packets</Filter>
    </ClCompile>
    <ClCompile Include="CrosshairRenderer.cpp">
      <Filter>Source Files\Render</Filter>
    </ClCompile>
    <ClCompile Include="C16Respawn.cpp">
      <Filter>Source Files\Packets</Filter>
    </ClCompile>
  </ItemGroup>
</Project>